
Microsoft Visual Studio Solution File, Format Version 12.00
# Visual Studio Version 17
VisualStudioVersion = 17.6.33712.159
MinimumVisualStudioVersion = 10.0.40219.1
Project("{9A19103F-16F7-4668-BE54-9A1E7A4F7556}") = "DynUtf8JsonWriter", "src\DynUtf8JsonWriter\DynUtf8JsonWriter.csproj", "{6780DE23-6FE2-41E9-B6E3-6BF26C53EEAC}"
EndProject
Project("{9A19103F-16F7-4668-BE54-9A1E7A4F7556}") = "DynUtf8JsonWriter.Generator", "src\DynUtf8JsonWriter.Generator\DynUtf8JsonWriter.Generator.csproj", "{C83292DF-3AFC-461E-B031-2B3D6F56E137}"
EndProject
Project("{FAE04EC0-301F-11D3-BF4B-00C04F79EFBC}") = "DynUtf8JsonWriter.Tests", "test\DynUtf8JsonWriter.Tests\DynUtf8JsonWriter.Tests.csproj", "{5953469E-E156-4E6F-A32D-6199620ACDD7}"
EndProject
Global
	GlobalSection(SolutionConfigurationPlatforms) = preSolution
		Debug|Any CPU = Debug|Any CPU
		Release|Any CPU = Release|Any CPU
	EndGlobalSection
	GlobalSection(ProjectConfigurationPlatforms) = postSolution
		{6780DE23-6FE2-41E9-B6E3-6BF26C53EEAC}.Debug|Any CPU.ActiveCfg = Debug|Any CPU
		{6780DE23-6FE2-41E9-B6E3-6BF26C53EEAC}.Debug|Any CPU.Build.0 = Debug|Any CPU
		{6780DE23-6FE2-41E9-B6E3-6BF26C53EEAC}.Release|Any CPU.ActiveCfg = Release|Any CPU
		{6780DE23-6FE2-41E9-B6E3-6BF26C53EEAC}.Release|Any CPU.Build.0 = Release|Any CPU
		{C83292DF-3AFC-461E-B031-2B3D6F56E137}.Debug|Any CPU.ActiveCfg = Debug|Any CPU
		{C83292DF-3AFC-461E-B031-2B3D6F56E137}.Debug|Any CPU.Build.0 = Debug|Any CPU
		{C83292DF-3AFC-461E-B031-2B3D6F56E137}.Release|Any CPU.ActiveCfg = Release|Any CPU
		{C83292DF-3AFC-461E-B031-2B3D6F56E137}.Release|Any CPU.Build.0 = Release|Any CPU
		{5953469E-E156-4E6F-A32D-6199620ACDD7}.Debug|Any CPU.ActiveCfg = Debug|Any CPU
		{5953469E-E156-4E6F-A32D-6199620ACDD7}.Debug|Any CPU.Build.0 = Debug|Any CPU
		{5953469E-E156-4E6F-A32D-6199620ACDD7}.Release|Any CPU.ActiveCfg = Release|Any CPU
		{5953469E-E156-4E6F-A32D-6199620ACDD7}.Release|Any CPU.Build.0 = Release|Any CPU
	EndGlobalSection
	GlobalSection(SolutionProperties) = preSolution
		HideSolutionNode = FALSE
	EndGlobalSection
	GlobalSection(ExtensibilityGlobals) = postSolution
		SolutionGuid = {C651AF68-1500-4FF5-ACFD-044DEF4190EC}
	EndGlobalSection
EndGlobal
